
Microsoft Visual Studio Solution File, Format Version 12.00
# Visual Studio 14
VisualStudioVersion = 14.0.25420.1
MinimumVisualStudioVersion = 10.0.40219.1
Project("{2150E333-8FDC-42A3-9474-1A3956D46DE8}") = "src", "src", "{E75ED033-390F-492F-B04F-FE243F10BC3D}"
EndProject
Project("{2150E333-8FDC-42A3-9474-1A3956D46DE8}") = "Solution Items", "Solution Items", "{2851707A-FB42-4B85-941C-892AEC01F7A3}"
	ProjectSection(SolutionItems) = preProject
		global.json = global.json
		TestSettings3.testsettings = TestSettings3.testsettings
	EndProjectSection
EndProject
Project("{8BB2217D-0F2D-49D1-97BC-3654ED321F3B}") = "CZWA.Web", "src\CZWA.Web\CZWA.Web.xproj", "{407F08D0-FFFE-4A14-BF85-AC9D7F707F0D}"
EndProject
Project("{8BB2217D-0F2D-49D1-97BC-3654ED321F3B}") = "CZWA.Authorization", "src\CZWA.Authorization\CZWA.Authorization.xproj", "{9CC29159-301C-459B-A713-F6196BB8BCF7}"
EndProject
Project("{8BB2217D-0F2D-49D1-97BC-3654ED321F3B}") = "CZWA.Common", "src\CZWA.Common\CZWA.Common.xproj", "{6BC09DE9-22D1-424E-8FDB-854594B13B7E}"
EndProject
Project("{8BB2217D-0F2D-49D1-97BC-3654ED321F3B}") = "CZWA.Services", "src\CZWA.Services\CZWA.Services.xproj", "{B2AFF6E1-6773-4FE9-B731-FA84AA0F2884}"
EndProject
Project("{8BB2217D-0F2D-49D1-97BC-3654ED321F3B}") = "CZWA.ViewModels", "src\CZWA.ViewModels\CZWA.ViewModels.xproj", "{EE95D973-BA1F-4D2D-B33F-F1D89958B25E}"
EndProject
Project("{8BB2217D-0F2D-49D1-97BC-3654ED321F3B}") = "CZWA.Entitys", "src\CZWA.Entitys\CZWA.Entitys.xproj", "{949694B9-C192-405E-81E2-98F4CB54E9F1}"
EndProject
Project("{8BB2217D-0F2D-49D1-97BC-3654ED321F3B}") = "CZWA.DB", "src\CZWA.DB\CZWA.DB.xproj", "{0C0E51C1-44DB-4659-A890-F0B628C52E60}"
EndProject
Project("{8BB2217D-0F2D-49D1-97BC-3654ED321F3B}") = "CZWA.WebSockets", "src\CZWA.Websockets\CZWA.WebSockets.xproj", "{0ADF4E58-4AE9-4805-8BE6-5CA20BC78F72}"
EndProject
Project("{8BB2217D-0F2D-49D1-97BC-3654ED321F3B}") = "CZWA.DB_Migration", "src\CZWA.DB_Migration\CZWA.DB_Migration.xproj", "{C0813E1E-E789-4E8E-8123-CA5EF1CC8CB7}"
EndProject
Project("{2150E333-8FDC-42A3-9474-1A3956D46DE8}") = "test", "test", "{F41C89EB-F3A6-4BCC-8A8F-EBB820FB26D7}"
EndProject
Project("{8BB2217D-0F2D-49D1-97BC-3654ED321F3B}") = "CZWA.Tests", "test\CZWA.Tests\CZWA.Tests.xproj", "{07A655C7-0D02-4A23-9572-6B9CF3A880E9}"
EndProject
Global
	GlobalSection(SolutionConfigurationPlatforms) = preSolution
		Debug|Any CPU = Debug|Any CPU
		Release|Any CPU = Release|Any CPU
	EndGlobalSection
	GlobalSection(ProjectConfigurationPlatforms) = postSolution
		{407F08D0-FFFE-4A14-BF85-AC9D7F707F0D}.Debug|Any CPU.ActiveCfg = Debug|Any CPU
		{407F08D0-FFFE-4A14-BF85-AC9D7F707F0D}.Debug|Any CPU.Build.0 = Debug|Any CPU
		{407F08D0-FFFE-4A14-BF85-AC9D7F707F0D}.Release|Any CPU.ActiveCfg = Release|Any CPU
		{407F08D0-FFFE-4A14-BF85-AC9D7F707F0D}.Release|Any CPU.Build.0 = Release|Any CPU
		{9CC29159-301C-459B-A713-F6196BB8BCF7}.Debug|Any CPU.ActiveCfg = Debug|Any CPU
		{9CC29159-301C-459B-A713-F6196BB8BCF7}.Debug|Any CPU.Build.0 = Debug|Any CPU
		{9CC29159-301C-459B-A713-F6196BB8BCF7}.Release|Any CPU.ActiveCfg = Release|Any CPU
		{9CC29159-301C-459B-A713-F6196BB8BCF7}.Release|Any CPU.Build.0 = Release|Any CPU
		{6BC09DE9-22D1-424E-8FDB-854594B13B7E}.Debug|Any CPU.ActiveCfg = Debug|Any CPU
		{6BC09DE9-22D1-424E-8FDB-854594B13B7E}.Debug|Any CPU.Build.0 = Debug|Any CPU
		{6BC09DE9-22D1-424E-8FDB-854594B13B7E}.Release|Any CPU.ActiveCfg = Release|Any CPU
		{6BC09DE9-22D1-424E-8FDB-854594B13B7E}.Release|Any CPU.Build.0 = Release|Any CPU
		{B2AFF6E1-6773-4FE9-B731-FA84AA0F2884}.Debug|Any CPU.ActiveCfg = Debug|Any CPU
		{B2AFF6E1-6773-4FE9-B731-FA84AA0F2884}.Debug|Any CPU.Build.0 = Debug|Any CPU
		{B2AFF6E1-6773-4FE9-B731-FA84AA0F2884}.Release|Any CPU.ActiveCfg = Release|Any CPU
		{B2AFF6E1-6773-4FE9-B731-FA84AA0F2884}.Release|Any CPU.Build.0 = Release|Any CPU
		{EE95D973-BA1F-4D2D-B33F-F1D89958B25E}.Debug|Any CPU.ActiveCfg = Debug|Any CPU
		{EE95D973-BA1F-4D2D-B33F-F1D89958B25E}.Debug|Any CPU.Build.0 = Debug|Any CPU
		{EE95D973-BA1F-4D2D-B33F-F1D89958B25E}.Release|Any CPU.ActiveCfg = Release|Any CPU
		{EE95D973-BA1F-4D2D-B33F-F1D89958B25E}.Release|Any CPU.Build.0 = Release|Any CPU
		{949694B9-C192-405E-81E2-98F4CB54E9F1}.Debug|Any CPU.ActiveCfg = Debug|Any CPU
		{949694B9-C192-405E-81E2-98F4CB54E9F1}.Debug|Any CPU.Build.0 = Debug|Any CPU
		{949694B9-C192-405E-81E2-98F4CB54E9F1}.Release|Any CPU.ActiveCfg = Release|Any CPU
		{949694B9-C192-405E-81E2-98F4CB54E9F1}.Release|Any CPU.Build.0 = Release|Any CPU
		{0C0E51C1-44DB-4659-A890-F0B628C52E60}.Debug|Any CPU.ActiveCfg = Debug|Any CPU
		{0C0E51C1-44DB-4659-A890-F0B628C52E60}.Debug|Any CPU.Build.0 = Debug|Any CPU
		{0C0E51C1-44DB-4659-A890-F0B628C52E60}.Release|Any CPU.ActiveCfg = Release|Any CPU
		{0C0E51C1-44DB-4659-A890-F0B628C52E60}.Release|Any CPU.Build.0 = Release|Any CPU
		{0ADF4E58-4AE9-4805-8BE6-5CA20BC78F72}.Debug|Any CPU.ActiveCfg = Debug|Any CPU
		{0ADF4E58-4AE9-4805-8BE6-5CA20BC78F72}.Debug|Any CPU.Build.0 = Debug|Any CPU
		{0ADF4E58-4AE9-4805-8BE6-5CA20BC78F72}.Release|Any CPU.ActiveCfg = Release|Any CPU
		{0ADF4E58-4AE9-4805-8BE6-5CA20BC78F72}.Release|Any CPU.Build.0 = Release|Any CPU
		{C0813E1E-E789-4E8E-8123-CA5EF1CC8CB7}.Debug|Any CPU.ActiveCfg = Debug|Any CPU
		{C0813E1E-E789-4E8E-8123-CA5EF1CC8CB7}.Debug|Any CPU.Build.0 = Debug|Any CPU
		{C0813E1E-E789-4E8E-8123-CA5EF1CC8CB7}.Release|Any CPU.ActiveCfg = Release|Any CPU
		{C0813E1E-E789-4E8E-8123-CA5EF1CC8CB7}.Release|Any CPU.Build.0 = Release|Any CPU
		{07A655C7-0D02-4A23-9572-6B9CF3A880E9}.Debug|Any CPU.ActiveCfg = Debug|Any CPU
		{07A655C7-0D02-4A23-9572-6B9CF3A880E9}.Debug|Any CPU.Build.0 = Debug|Any CPU
		{07A655C7-0D02-4A23-9572-6B9CF3A880E9}.Release|Any CPU.ActiveCfg = Release|Any CPU
		{07A655C7-0D02-4A23-9572-6B9CF3A880E9}.Release|Any CPU.Build.0 = Release|Any CPU
	EndGlobalSection
	GlobalSection(SolutionProperties) = preSolution
		HideSolutionNode = FALSE
	EndGlobalSection
	GlobalSection(NestedProjects) = preSolution
		{407F08D0-FFFE-4A14-BF85-AC9D7F707F0D} = {E75ED033-390F-492F-B04F-FE243F10BC3D}
		{9CC29159-301C-459B-A713-F6196BB8BCF7} = {E75ED033-390F-492F-B04F-FE243F10BC3D}
		{6BC09DE9-22D1-424E-8FDB-854594B13B7E} = {E75ED033-390F-492F-B04F-FE243F10BC3D}
		{B2AFF6E1-6773-4FE9-B731-FA84AA0F2884} = {E75ED033-390F-492F-B04F-FE243F10BC3D}
		{EE95D973-BA1F-4D2D-B33F-F1D89958B25E} = {E75ED033-390F-492F-B04F-FE243F10BC3D}
		{949694B9-C192-405E-81E2-98F4CB54E9F1} = {E75ED033-390F-492F-B04F-FE243F10BC3D}
		{0C0E51C1-44DB-4659-A890-F0B628C52E60} = {E75ED033-390F-492F-B04F-FE243F10BC3D}
		{0ADF4E58-4AE9-4805-8BE6-5CA20BC78F72} = {E75ED033-390F-492F-B04F-FE243F10BC3D}
		{C0813E1E-E789-4E8E-8123-CA5EF1CC8CB7} = {E75ED033-390F-492F-B04F-FE243F10BC3D}
		{07A655C7-0D02-4A23-9572-6B9CF3A880E9} = {F41C89EB-F3A6-4BCC-8A8F-EBB820FB26D7}
	EndGlobalSection
EndGlobal
